
Microsoft Visual Studio Solution File, Format Version 12.00
# Visual Studio Version 16
VisualStudioVersion = 16.0.30503.244
MinimumVisualStudioVersion = 10.0.40219.1
Project("{FAE04EC0-301F-11D3-BF4B-00C04F79EFBC}") = "HW3 Notepad", "HW3 Notepad.csproj", "{BDF60638-A937-41B6-BFA8-0327099E94AB}"
EndProject
Project("{FAE04EC0-301F-11D3-BF4B-00C04F79EFBC}") = "HW3 NotepadTest", "..\HW3 NotepadTest\HW3 NotepadTest.csproj", "{843DF5A9-16BC-4B6B-8FCA-20EBBA944C09}"
EndProject
Global
	GlobalSection(SolutionConfigurationPlatforms) = preSolution
		Debug|Any CPU = Debug|Any CPU
		Release|Any CPU = Release|Any CPU
	EndGlobalSection
	GlobalSection(ProjectConfigurationPlatforms) = postSolution
		{BDF60638-A937-41B6-BFA8-0327099E94AB}.Debug|Any CPU.ActiveCfg = Debug|Any CPU
		{BDF60638-A937-41B6-BFA8-0327099E94AB}.Debug|Any CPU.Build.0 = Debug|Any CPU
		{BDF60638-A937-41B6-BFA8-0327099E94AB}.Release|Any CPU.ActiveCfg = Release|Any CPU
		{BDF60638-A937-41B6-BFA8-0327099E94AB}.Release|Any CPU.Build.0 = Release|Any CPU
		{843DF5A9-16BC-4B6B-8FCA-20EBBA944C09}.Debug|Any CPU.ActiveCfg = Debug|Any CPU
		{843DF5A9-16BC-4B6B-8FCA-20EBBA944C09}.Debug|Any CPU.Build.0 = Debug|Any CPU
		{843DF5A9-16BC-4B6B-8FCA-20EBBA944C09}.Release|Any CPU.ActiveCfg = Release|Any CPU
		{843DF5A9-16BC-4B6B-8FCA-20EBBA944C09}.Release|Any CPU.Build.0 = Release|Any CPU
	EndGlobalSection
	GlobalSection(SolutionProperties) = preSolution
		HideSolutionNode = FALSE
	EndGlobalSection
	GlobalSection(ExtensibilityGlobals) = postSolution
		SolutionGuid = {8DECD244-F457-4DE5-985C-AEC5C656AC55}
	EndGlobalSection
EndGlobal
