
Microsoft Visual Studio Solution File, Format Version 12.00
# Visual Studio Version 16
VisualStudioVersion = 16.0.30503.244
MinimumVisualStudioVersion = 10.0.40219.1
Project("{FAE04EC0-301F-11D3-BF4B-00C04F79EFBC}") = "Arithmetic Expression Trees (Part 2)", "Arithmetic Expression Trees (Part 2).csproj", "{2EA816A5-912A-47E3-A020-CE01AE553631}"
EndProject
Project("{9A19103F-16F7-4668-BE54-9A1E7A4F7556}") = "HW6NUnitTest", "..\HW6NUnitTest\HW6NUnitTest.csproj", "{2AE027DE-E0E4-4476-A1C6-6C267056BF12}"
EndProject
Project("{9A19103F-16F7-4668-BE54-9A1E7A4F7556}") = "Logic_Engine_DLL", "..\Logic_Engine_DLL\Logic_Engine_DLL.csproj", "{19E6D9F7-DBAC-49FD-B863-6426B8771FDD}"
EndProject
Global
	GlobalSection(SolutionConfigurationPlatforms) = preSolution
		Debug|Any CPU = Debug|Any CPU
		Release|Any CPU = Release|Any CPU
	EndGlobalSection
	GlobalSection(ProjectConfigurationPlatforms) = postSolution
		{2EA816A5-912A-47E3-A020-CE01AE553631}.Debug|Any CPU.ActiveCfg = Debug|Any CPU
		{2EA816A5-912A-47E3-A020-CE01AE553631}.Debug|Any CPU.Build.0 = Debug|Any CPU
		{2EA816A5-912A-47E3-A020-CE01AE553631}.Release|Any CPU.ActiveCfg = Release|Any CPU
		{2EA816A5-912A-47E3-A020-CE01AE553631}.Release|Any CPU.Build.0 = Release|Any CPU
		{2AE027DE-E0E4-4476-A1C6-6C267056BF12}.Debug|Any CPU.ActiveCfg = Debug|Any CPU
		{2AE027DE-E0E4-4476-A1C6-6C267056BF12}.Debug|Any CPU.Build.0 = Debug|Any CPU
		{2AE027DE-E0E4-4476-A1C6-6C267056BF12}.Release|Any CPU.ActiveCfg = Release|Any CPU
		{2AE027DE-E0E4-4476-A1C6-6C267056BF12}.Release|Any CPU.Build.0 = Release|Any CPU
		{19E6D9F7-DBAC-49FD-B863-6426B8771FDD}.Debug|Any CPU.ActiveCfg = Debug|Any CPU
		{19E6D9F7-DBAC-49FD-B863-6426B8771FDD}.Debug|Any CPU.Build.0 = Debug|Any CPU
		{19E6D9F7-DBAC-49FD-B863-6426B8771FDD}.Release|Any CPU.ActiveCfg = Release|Any CPU
		{19E6D9F7-DBAC-49FD-B863-6426B8771FDD}.Release|Any CPU.Build.0 = Release|Any CPU
	EndGlobalSection
	GlobalSection(SolutionProperties) = preSolution
		HideSolutionNode = FALSE
	EndGlobalSection
	GlobalSection(ExtensibilityGlobals) = postSolution
		SolutionGuid = {8D40C0CC-DD23-4112-8AC1-00DD58CE2E98}
	EndGlobalSection
EndGlobal
